
Microsoft Visual Studio Solution File, Format Version 12.00
# Visual Studio Version 16
VisualStudioVersion = 16.0.30615.102
MinimumVisualStudioVersion = 10.0.40219.1
Project("{FAE04EC0-301F-11D3-BF4B-00C04F79EFBC}") = "WebApplication", "WebApplication\WebApplication.csproj", "{F8946CDD-D907-4DF8-8BB1-49847827C4AF}"
EndProject
Project("{FAE04EC0-301F-11D3-BF4B-00C04F79EFBC}") = "DAL", "DAL\DAL.csproj", "{B2E72E46-7CD4-4424-9317-0641D1D31D6D}"
EndProject
Global
	GlobalSection(SolutionConfigurationPlatforms) = preSolution
		Debug|Any CPU = Debug|Any CPU
		Release|Any CPU = Release|Any CPU
	EndGlobalSection
	GlobalSection(ProjectConfigurationPlatforms) = postSolution
		{F8946CDD-D907-4DF8-8BB1-49847827C4AF}.Debug|Any CPU.ActiveCfg = Debug|Any CPU
		{F8946CDD-D907-4DF8-8BB1-49847827C4AF}.Debug|Any CPU.Build.0 = Debug|Any CPU
		{F8946CDD-D907-4DF8-8BB1-49847827C4AF}.Release|Any CPU.ActiveCfg = Release|Any CPU
		{F8946CDD-D907-4DF8-8BB1-49847827C4AF}.Release|Any CPU.Build.0 = Release|Any CPU
		{B2E72E46-7CD4-4424-9317-0641D1D31D6D}.Debug|Any CPU.ActiveCfg = Debug|Any CPU
		{B2E72E46-7CD4-4424-9317-0641D1D31D6D}.Debug|Any CPU.Build.0 = Debug|Any CPU
		{B2E72E46-7CD4-4424-9317-0641D1D31D6D}.Release|Any CPU.ActiveCfg = Release|Any CPU
		{B2E72E46-7CD4-4424-9317-0641D1D31D6D}.Release|Any CPU.Build.0 = Release|Any CPU
	EndGlobalSection
	GlobalSection(SolutionProperties) = preSolution
		HideSolutionNode = FALSE
	EndGlobalSection
	GlobalSection(ExtensibilityGlobals) = postSolution
		SolutionGuid = {1889D354-3CBB-43AC-BB78-C57DB28CDBE9}
	EndGlobalSection
EndGlobal
